
Microsoft Visual Studio Solution File, Format Version 12.00
# Visual Studio Version 17
VisualStudioVersion = 17.8.34322.80
MinimumVisualStudioVersion = 10.0.40219.1
Project("{FAE04EC0-301F-11D3-BF4B-00C04F79EFBC}") = "Magazin", "Magazin\Magazin.csproj", "{57F1A9EB-5809-49AE-B920-9D1E226340FC}"
EndProject
Global
	GlobalSection(SolutionConfigurationPlatforms) = preSolution
		Debug|Any CPU = Debug|Any CPU
		Release|Any CPU = Release|Any CPU
	EndGlobalSection
	GlobalSection(ProjectConfigurationPlatforms) = postSolution
		{57F1A9EB-5809-49AE-B920-9D1E226340FC}.Debug|Any CPU.ActiveCfg = Debug|Any CPU
		{57F1A9EB-5809-49AE-B920-9D1E226340FC}.Debug|Any CPU.Build.0 = Debug|Any CPU
		{57F1A9EB-5809-49AE-B920-9D1E226340FC}.Release|Any CPU.ActiveCfg = Release|Any CPU
		{57F1A9EB-5809-49AE-B920-9D1E226340FC}.Release|Any CPU.Build.0 = Release|Any CPU
	EndGlobalSection
	GlobalSection(SolutionProperties) = preSolution
		HideSolutionNode = FALSE
	EndGlobalSection
	GlobalSection(ExtensibilityGlobals) = postSolution
		SolutionGuid = {73EA644C-A546-484D-81F4-D90C21A39941}
	EndGlobalSection
EndGlobal
